
Microsoft Visual Studio Solution File, Format Version 12.00
Project("{FAE04EC0-301F-11D3-BF4B-00C04F79EFBC}") = "Example.Service", "test\Example.Service\Example.Service.csproj", "{74063DD5-9C07-4A13-902F-8D7F82A98D74}"
EndProject
Project("{FAE04EC0-301F-11D3-BF4B-00C04F79EFBC}") = "Astor.Background", "src\Astor.Background\Astor.Background.csproj", "{27EBF590-0470-4C27-98E4-F6B62C10DF3B}"
EndProject
Project("{FAE04EC0-301F-11D3-BF4B-00C04F79EFBC}") = "Example.DebugWebApi", "test\Example.DebugWebApi\Example.DebugWebApi.csproj", "{F74B07BA-7A0F-4541-AFB9-656028FED485}"
EndProject
Project("{FAE04EC0-301F-11D3-BF4B-00C04F79EFBC}") = "Astor.Background.Tests", "test\Astor.Background.Tests\Astor.Background.Tests.csproj", "{47E2C81B-B6DC-4DAC-AD55-672D3AAED49A}"
EndProject
Project("{FAE04EC0-301F-11D3-BF4B-00C04F79EFBC}") = "Astor.GreenPipes", "src\Astor.GreenPipes\Astor.GreenPipes.csproj", "{7D0452B6-E3B9-43DE-8E44-B57D6C5D8149}"
EndProject
Project("{FAE04EC0-301F-11D3-BF4B-00C04F79EFBC}") = "Astor.GreenPipes.Tests", "test\Astor.GreenPipes.Tests\Astor.GreenPipes.Tests.csproj", "{40132804-BB23-4883-8A3B-DC63867E4E9A}"
EndProject
Project("{FAE04EC0-301F-11D3-BF4B-00C04F79EFBC}") = "Astor.Tests", "test\Astor.Tests\Astor.Tests.csproj", "{F7E69907-E39C-4C09-AD5B-60C6EC41896A}"
EndProject
Project("{FAE04EC0-301F-11D3-BF4B-00C04F79EFBC}") = "Astor.RabbitMq", "src\Astor.RabbitMq\Astor.RabbitMq.csproj", "{6E12E5E9-18B4-4BD9-A0D5-3B23C3FE9555}"
EndProject
Project("{FAE04EC0-301F-11D3-BF4B-00C04F79EFBC}") = "Astor.Reflection", "src\Astor.Reflection\Astor.Reflection.csproj", "{498E0C45-A613-4698-B537-3AED7FE1C625}"
EndProject
Project("{FAE04EC0-301F-11D3-BF4B-00C04F79EFBC}") = "Astor.Background.Management.Service", "src\Astor.Background.Management.Service\Astor.Background.Management.Service.csproj", "{B4207249-21F1-48BD-BDA0-FB263807909A}"
EndProject
Project("{FAE04EC0-301F-11D3-BF4B-00C04F79EFBC}") = "Astor.Background.Management.Service.Tests", "test\Astor.Background.Management.Service.Tests\Astor.Background.Management.Service.Tests.csproj", "{7FD74725-D11E-4117-988C-782EDDECFC2D}"
EndProject
Project("{FAE04EC0-301F-11D3-BF4B-00C04F79EFBC}") = "Astor.RabbitMq.Tests", "test\Astor.RabbitMq.Tests\Astor.RabbitMq.Tests.csproj", "{7320FD1A-E1A2-416B-9AAF-589AF8C40EF0}"
EndProject
Project("{2150E333-8FDC-42A3-9474-1A3956D46DE8}") = "test", "test", "{EA690B59-874D-46AE-A984-291D3DC1F9BD}"
EndProject
Project("{2150E333-8FDC-42A3-9474-1A3956D46DE8}") = "src", "src", "{77512434-B6D5-41F6-A763-C9E0839A4845}"
EndProject
Project("{2150E333-8FDC-42A3-9474-1A3956D46DE8}") = "templates", "templates", "{084B2767-5EE8-43A9-8322-EC85C8EF6FBF}"
EndProject
Project("{FAE04EC0-301F-11D3-BF4B-00C04F79EFBC}") = "Template.Background.Service", "templates\Template.Background.Service\Template.Background.Service.csproj", "{61D6D929-8335-445C-9BA2-5C3BD0CE3D16}"
EndProject
Project("{FAE04EC0-301F-11D3-BF4B-00C04F79EFBC}") = "Template.Background.DebugWebApi", "templates\Template.Background.DebugWebApi\Template.Background.DebugWebApi.csproj", "{32C01FEA-9FF1-4DB9-A20D-2BB432CAB3F3}"
EndProject
Project("{2150E333-8FDC-42A3-9474-1A3956D46DE8}") = "ElasticLogs", "ElasticLogs", "{92E2B228-7094-4A8A-86CD-5591038B0FC6}"
ProjectSection(SolutionItems) = preProject
	ElasticLogs\docker-compose.yml = ElasticLogs\docker-compose.yml
EndProjectSection
EndProject
Project("{FAE04EC0-301F-11D3-BF4B-00C04F79EFBC}") = "Astor.Background.ElasticLogs.Tests", "ElasticLogs\Astor.Background.ElasticLogs.Tests\Astor.Background.ElasticLogs.Tests.csproj", "{F3C4381E-BEC6-4D79-8B84-9621B96EED4E}"
EndProject
Project("{FAE04EC0-301F-11D3-BF4B-00C04F79EFBC}") = "Astor.Background.ElasticLogs.DebugWebApi", "ElasticLogs\Astor.Background.ElasticLogs.DebugWebApi\Astor.Background.ElasticLogs.DebugWebApi.csproj", "{2569F64C-6C43-4B69-9506-CA583EEF6145}"
EndProject
Project("{FAE04EC0-301F-11D3-BF4B-00C04F79EFBC}") = "Astor.Background.ElasticLogs.Service", "ElasticLogs\Astor.Background.ElasticLogs.Service\Astor.Background.ElasticLogs.Service.csproj", "{681A0319-96B1-421B-A3E9-7D95ECF00DE4}"
EndProject
Global
	GlobalSection(SolutionConfigurationPlatforms) = preSolution
		Debug|Any CPU = Debug|Any CPU
		Release|Any CPU = Release|Any CPU
	EndGlobalSection
	GlobalSection(ProjectConfigurationPlatforms) = postSolution
		{74063DD5-9C07-4A13-902F-8D7F82A98D74}.Debug|Any CPU.ActiveCfg = Debug|Any CPU
		{74063DD5-9C07-4A13-902F-8D7F82A98D74}.Debug|Any CPU.Build.0 = Debug|Any CPU
		{74063DD5-9C07-4A13-902F-8D7F82A98D74}.Release|Any CPU.ActiveCfg = Release|Any CPU
		{74063DD5-9C07-4A13-902F-8D7F82A98D74}.Release|Any CPU.Build.0 = Release|Any CPU
		{27EBF590-0470-4C27-98E4-F6B62C10DF3B}.Debug|Any CPU.ActiveCfg = Debug|Any CPU
		{27EBF590-0470-4C27-98E4-F6B62C10DF3B}.Debug|Any CPU.Build.0 = Debug|Any CPU
		{27EBF590-0470-4C27-98E4-F6B62C10DF3B}.Release|Any CPU.ActiveCfg = Release|Any CPU
		{27EBF590-0470-4C27-98E4-F6B62C10DF3B}.Release|Any CPU.Build.0 = Release|Any CPU
		{F74B07BA-7A0F-4541-AFB9-656028FED485}.Debug|Any CPU.ActiveCfg = Debug|Any CPU
		{F74B07BA-7A0F-4541-AFB9-656028FED485}.Debug|Any CPU.Build.0 = Debug|Any CPU
		{F74B07BA-7A0F-4541-AFB9-656028FED485}.Release|Any CPU.ActiveCfg = Release|Any CPU
		{F74B07BA-7A0F-4541-AFB9-656028FED485}.Release|Any CPU.Build.0 = Release|Any CPU
		{47E2C81B-B6DC-4DAC-AD55-672D3AAED49A}.Debug|Any CPU.ActiveCfg = Debug|Any CPU
		{47E2C81B-B6DC-4DAC-AD55-672D3AAED49A}.Debug|Any CPU.Build.0 = Debug|Any CPU
		{47E2C81B-B6DC-4DAC-AD55-672D3AAED49A}.Release|Any CPU.ActiveCfg = Release|Any CPU
		{47E2C81B-B6DC-4DAC-AD55-672D3AAED49A}.Release|Any CPU.Build.0 = Release|Any CPU
		{7D0452B6-E3B9-43DE-8E44-B57D6C5D8149}.Debug|Any CPU.ActiveCfg = Debug|Any CPU
		{7D0452B6-E3B9-43DE-8E44-B57D6C5D8149}.Debug|Any CPU.Build.0 = Debug|Any CPU
		{7D0452B6-E3B9-43DE-8E44-B57D6C5D8149}.Release|Any CPU.ActiveCfg = Release|Any CPU
		{7D0452B6-E3B9-43DE-8E44-B57D6C5D8149}.Release|Any CPU.Build.0 = Release|Any CPU
		{40132804-BB23-4883-8A3B-DC63867E4E9A}.Debug|Any CPU.ActiveCfg = Debug|Any CPU
		{40132804-BB23-4883-8A3B-DC63867E4E9A}.Debug|Any CPU.Build.0 = Debug|Any CPU
		{40132804-BB23-4883-8A3B-DC63867E4E9A}.Release|Any CPU.ActiveCfg = Release|Any CPU
		{40132804-BB23-4883-8A3B-DC63867E4E9A}.Release|Any CPU.Build.0 = Release|Any CPU
		{F7E69907-E39C-4C09-AD5B-60C6EC41896A}.Debug|Any CPU.ActiveCfg = Debug|Any CPU
		{F7E69907-E39C-4C09-AD5B-60C6EC41896A}.Debug|Any CPU.Build.0 = Debug|Any CPU
		{F7E69907-E39C-4C09-AD5B-60C6EC41896A}.Release|Any CPU.ActiveCfg = Release|Any CPU
		{F7E69907-E39C-4C09-AD5B-60C6EC41896A}.Release|Any CPU.Build.0 = Release|Any CPU
		{6E12E5E9-18B4-4BD9-A0D5-3B23C3FE9555}.Debug|Any CPU.ActiveCfg = Debug|Any CPU
		{6E12E5E9-18B4-4BD9-A0D5-3B23C3FE9555}.Debug|Any CPU.Build.0 = Debug|Any CPU
		{6E12E5E9-18B4-4BD9-A0D5-3B23C3FE9555}.Release|Any CPU.ActiveCfg = Release|Any CPU
		{6E12E5E9-18B4-4BD9-A0D5-3B23C3FE9555}.Release|Any CPU.Build.0 = Release|Any CPU
		{498E0C45-A613-4698-B537-3AED7FE1C625}.Debug|Any CPU.ActiveCfg = Debug|Any CPU
		{498E0C45-A613-4698-B537-3AED7FE1C625}.Debug|Any CPU.Build.0 = Debug|Any CPU
		{498E0C45-A613-4698-B537-3AED7FE1C625}.Release|Any CPU.ActiveCfg = Release|Any CPU
		{498E0C45-A613-4698-B537-3AED7FE1C625}.Release|Any CPU.Build.0 = Release|Any CPU
		{B4207249-21F1-48BD-BDA0-FB263807909A}.Debug|Any CPU.ActiveCfg = Debug|Any CPU
		{B4207249-21F1-48BD-BDA0-FB263807909A}.Debug|Any CPU.Build.0 = Debug|Any CPU
		{B4207249-21F1-48BD-BDA0-FB263807909A}.Release|Any CPU.ActiveCfg = Release|Any CPU
		{B4207249-21F1-48BD-BDA0-FB263807909A}.Release|Any CPU.Build.0 = Release|Any CPU
		{7FD74725-D11E-4117-988C-782EDDECFC2D}.Debug|Any CPU.ActiveCfg = Debug|Any CPU
		{7FD74725-D11E-4117-988C-782EDDECFC2D}.Debug|Any CPU.Build.0 = Debug|Any CPU
		{7FD74725-D11E-4117-988C-782EDDECFC2D}.Release|Any CPU.ActiveCfg = Release|Any CPU
		{7FD74725-D11E-4117-988C-782EDDECFC2D}.Release|Any CPU.Build.0 = Release|Any CPU
		{7320FD1A-E1A2-416B-9AAF-589AF8C40EF0}.Debug|Any CPU.ActiveCfg = Debug|Any CPU
		{7320FD1A-E1A2-416B-9AAF-589AF8C40EF0}.Debug|Any CPU.Build.0 = Debug|Any CPU
		{7320FD1A-E1A2-416B-9AAF-589AF8C40EF0}.Release|Any CPU.ActiveCfg = Release|Any CPU
		{7320FD1A-E1A2-416B-9AAF-589AF8C40EF0}.Release|Any CPU.Build.0 = Release|Any CPU
		{61D6D929-8335-445C-9BA2-5C3BD0CE3D16}.Debug|Any CPU.ActiveCfg = Debug|Any CPU
		{61D6D929-8335-445C-9BA2-5C3BD0CE3D16}.Debug|Any CPU.Build.0 = Debug|Any CPU
		{61D6D929-8335-445C-9BA2-5C3BD0CE3D16}.Release|Any CPU.ActiveCfg = Release|Any CPU
		{61D6D929-8335-445C-9BA2-5C3BD0CE3D16}.Release|Any CPU.Build.0 = Release|Any CPU
		{32C01FEA-9FF1-4DB9-A20D-2BB432CAB3F3}.Debug|Any CPU.ActiveCfg = Debug|Any CPU
		{32C01FEA-9FF1-4DB9-A20D-2BB432CAB3F3}.Debug|Any CPU.Build.0 = Debug|Any CPU
		{32C01FEA-9FF1-4DB9-A20D-2BB432CAB3F3}.Release|Any CPU.ActiveCfg = Release|Any CPU
		{32C01FEA-9FF1-4DB9-A20D-2BB432CAB3F3}.Release|Any CPU.Build.0 = Release|Any CPU
		{F3C4381E-BEC6-4D79-8B84-9621B96EED4E}.Debug|Any CPU.ActiveCfg = Debug|Any CPU
		{F3C4381E-BEC6-4D79-8B84-9621B96EED4E}.Debug|Any CPU.Build.0 = Debug|Any CPU
		{F3C4381E-BEC6-4D79-8B84-9621B96EED4E}.Release|Any CPU.ActiveCfg = Release|Any CPU
		{F3C4381E-BEC6-4D79-8B84-9621B96EED4E}.Release|Any CPU.Build.0 = Release|Any CPU
		{2569F64C-6C43-4B69-9506-CA583EEF6145}.Debug|Any CPU.ActiveCfg = Debug|Any CPU
		{2569F64C-6C43-4B69-9506-CA583EEF6145}.Debug|Any CPU.Build.0 = Debug|Any CPU
		{2569F64C-6C43-4B69-9506-CA583EEF6145}.Release|Any CPU.ActiveCfg = Release|Any CPU
		{2569F64C-6C43-4B69-9506-CA583EEF6145}.Release|Any CPU.Build.0 = Release|Any CPU
		{681A0319-96B1-421B-A3E9-7D95ECF00DE4}.Debug|Any CPU.ActiveCfg = Debug|Any CPU
		{681A0319-96B1-421B-A3E9-7D95ECF00DE4}.Debug|Any CPU.Build.0 = Debug|Any CPU
		{681A0319-96B1-421B-A3E9-7D95ECF00DE4}.Release|Any CPU.ActiveCfg = Release|Any CPU
		{681A0319-96B1-421B-A3E9-7D95ECF00DE4}.Release|Any CPU.Build.0 = Release|Any CPU
	EndGlobalSection
	GlobalSection(NestedProjects) = preSolution
		{40132804-BB23-4883-8A3B-DC63867E4E9A} = {EA690B59-874D-46AE-A984-291D3DC1F9BD}
		{7FD74725-D11E-4117-988C-782EDDECFC2D} = {EA690B59-874D-46AE-A984-291D3DC1F9BD}
		{47E2C81B-B6DC-4DAC-AD55-672D3AAED49A} = {EA690B59-874D-46AE-A984-291D3DC1F9BD}
		{7320FD1A-E1A2-416B-9AAF-589AF8C40EF0} = {EA690B59-874D-46AE-A984-291D3DC1F9BD}
		{F7E69907-E39C-4C09-AD5B-60C6EC41896A} = {EA690B59-874D-46AE-A984-291D3DC1F9BD}
		{F74B07BA-7A0F-4541-AFB9-656028FED485} = {EA690B59-874D-46AE-A984-291D3DC1F9BD}
		{74063DD5-9C07-4A13-902F-8D7F82A98D74} = {EA690B59-874D-46AE-A984-291D3DC1F9BD}
		{27EBF590-0470-4C27-98E4-F6B62C10DF3B} = {77512434-B6D5-41F6-A763-C9E0839A4845}
		{B4207249-21F1-48BD-BDA0-FB263807909A} = {77512434-B6D5-41F6-A763-C9E0839A4845}
		{7D0452B6-E3B9-43DE-8E44-B57D6C5D8149} = {77512434-B6D5-41F6-A763-C9E0839A4845}
		{6E12E5E9-18B4-4BD9-A0D5-3B23C3FE9555} = {77512434-B6D5-41F6-A763-C9E0839A4845}
		{498E0C45-A613-4698-B537-3AED7FE1C625} = {77512434-B6D5-41F6-A763-C9E0839A4845}
		{61D6D929-8335-445C-9BA2-5C3BD0CE3D16} = {084B2767-5EE8-43A9-8322-EC85C8EF6FBF}
		{32C01FEA-9FF1-4DB9-A20D-2BB432CAB3F3} = {084B2767-5EE8-43A9-8322-EC85C8EF6FBF}
		{F3C4381E-BEC6-4D79-8B84-9621B96EED4E} = {92E2B228-7094-4A8A-86CD-5591038B0FC6}
		{2569F64C-6C43-4B69-9506-CA583EEF6145} = {92E2B228-7094-4A8A-86CD-5591038B0FC6}
		{681A0319-96B1-421B-A3E9-7D95ECF00DE4} = {92E2B228-7094-4A8A-86CD-5591038B0FC6}
	EndGlobalSection
EndGlobal
