
Microsoft Visual Studio Solution File, Format Version 12.00
Project("{FAE04EC0-301F-11D3-BF4B-00C04F79EFBC}") = "Astor.Background.Management", "Astor.Background.Management\Astor.Background.Management.csproj", "{50DDB61D-1740-4781-820F-9C6DADB0C55E}"
EndProject
Project("{FAE04EC0-301F-11D3-BF4B-00C04F79EFBC}") = "Example.Service", "Example.Service\Example.Service.csproj", "{74063DD5-9C07-4A13-902F-8D7F82A98D74}"
EndProject
Project("{FAE04EC0-301F-11D3-BF4B-00C04F79EFBC}") = "Astor.Background.Management.Protocol", "Astor.Background.Management.Protocol\Astor.Background.Management.Protocol.csproj", "{EAF42066-008D-462E-8BC8-8FBC76330142}"
EndProject
Project("{FAE04EC0-301F-11D3-BF4B-00C04F79EFBC}") = "Astor.Background.Management.Tests", "Astor.Background.Management.Tests\Astor.Background.Management.Tests.csproj", "{B13B94A7-A5F7-4CD9-9222-6AECFE3FA19E}"
EndProject
Project("{FAE04EC0-301F-11D3-BF4B-00C04F79EFBC}") = "Astor.Background.Abstractions", "Astor.Background.Abstractions\Astor.Background.Abstractions.csproj", "{E8B22A99-92B3-4364-B5AE-75911A6D293D}"
EndProject
Project("{FAE04EC0-301F-11D3-BF4B-00C04F79EFBC}") = "Astor.Background", "Astor.Background\Astor.Background.csproj", "{27EBF590-0470-4C27-98E4-F6B62C10DF3B}"
EndProject
Project("{FAE04EC0-301F-11D3-BF4B-00C04F79EFBC}") = "Example.DebugWebApi", "Example.DebugWebApi\Example.DebugWebApi.csproj", "{F74B07BA-7A0F-4541-AFB9-656028FED485}"
EndProject
Project("{FAE04EC0-301F-11D3-BF4B-00C04F79EFBC}") = "Astor.Background.Tests", "Astor.Background.Tests\Astor.Background.Tests.csproj", "{47E2C81B-B6DC-4DAC-AD55-672D3AAED49A}"
EndProject
Project("{FAE04EC0-301F-11D3-BF4B-00C04F79EFBC}") = "Astor.GreenPipes", "Astor.GreenPipes\Astor.GreenPipes.csproj", "{7D0452B6-E3B9-43DE-8E44-B57D6C5D8149}"
EndProject
Project("{FAE04EC0-301F-11D3-BF4B-00C04F79EFBC}") = "Astor.GreenPipes.Tests", "Astor.GreenPipes.Tests\Astor.GreenPipes.Tests.csproj", "{40132804-BB23-4883-8A3B-DC63867E4E9A}"
EndProject
Project("{FAE04EC0-301F-11D3-BF4B-00C04F79EFBC}") = "Astor.Tests", "Astor.Tests\Astor.Tests.csproj", "{F7E69907-E39C-4C09-AD5B-60C6EC41896A}"
EndProject
Project("{FAE04EC0-301F-11D3-BF4B-00C04F79EFBC}") = "Astor.RabbitMq", "Astor.RabbitMq\Astor.RabbitMq.csproj", "{6E12E5E9-18B4-4BD9-A0D5-3B23C3FE9555}"
EndProject
Project("{FAE04EC0-301F-11D3-BF4B-00C04F79EFBC}") = "Astor.Reflection", "Astor.Reflection\Astor.Reflection.csproj", "{498E0C45-A613-4698-B537-3AED7FE1C625}"
EndProject
Global
	GlobalSection(SolutionConfigurationPlatforms) = preSolution
		Debug|Any CPU = Debug|Any CPU
		Release|Any CPU = Release|Any CPU
	EndGlobalSection
	GlobalSection(ProjectConfigurationPlatforms) = postSolution
		{50DDB61D-1740-4781-820F-9C6DADB0C55E}.Debug|Any CPU.ActiveCfg = Debug|Any CPU
		{50DDB61D-1740-4781-820F-9C6DADB0C55E}.Debug|Any CPU.Build.0 = Debug|Any CPU
		{50DDB61D-1740-4781-820F-9C6DADB0C55E}.Release|Any CPU.ActiveCfg = Release|Any CPU
		{50DDB61D-1740-4781-820F-9C6DADB0C55E}.Release|Any CPU.Build.0 = Release|Any CPU
		{74063DD5-9C07-4A13-902F-8D7F82A98D74}.Debug|Any CPU.ActiveCfg = Debug|Any CPU
		{74063DD5-9C07-4A13-902F-8D7F82A98D74}.Debug|Any CPU.Build.0 = Debug|Any CPU
		{74063DD5-9C07-4A13-902F-8D7F82A98D74}.Release|Any CPU.ActiveCfg = Release|Any CPU
		{74063DD5-9C07-4A13-902F-8D7F82A98D74}.Release|Any CPU.Build.0 = Release|Any CPU
		{EAF42066-008D-462E-8BC8-8FBC76330142}.Debug|Any CPU.ActiveCfg = Debug|Any CPU
		{EAF42066-008D-462E-8BC8-8FBC76330142}.Debug|Any CPU.Build.0 = Debug|Any CPU
		{EAF42066-008D-462E-8BC8-8FBC76330142}.Release|Any CPU.ActiveCfg = Release|Any CPU
		{EAF42066-008D-462E-8BC8-8FBC76330142}.Release|Any CPU.Build.0 = Release|Any CPU
		{B13B94A7-A5F7-4CD9-9222-6AECFE3FA19E}.Debug|Any CPU.ActiveCfg = Debug|Any CPU
		{B13B94A7-A5F7-4CD9-9222-6AECFE3FA19E}.Debug|Any CPU.Build.0 = Debug|Any CPU
		{B13B94A7-A5F7-4CD9-9222-6AECFE3FA19E}.Release|Any CPU.ActiveCfg = Release|Any CPU
		{B13B94A7-A5F7-4CD9-9222-6AECFE3FA19E}.Release|Any CPU.Build.0 = Release|Any CPU
		{E8B22A99-92B3-4364-B5AE-75911A6D293D}.Debug|Any CPU.ActiveCfg = Debug|Any CPU
		{E8B22A99-92B3-4364-B5AE-75911A6D293D}.Debug|Any CPU.Build.0 = Debug|Any CPU
		{E8B22A99-92B3-4364-B5AE-75911A6D293D}.Release|Any CPU.ActiveCfg = Release|Any CPU
		{E8B22A99-92B3-4364-B5AE-75911A6D293D}.Release|Any CPU.Build.0 = Release|Any CPU
		{27EBF590-0470-4C27-98E4-F6B62C10DF3B}.Debug|Any CPU.ActiveCfg = Debug|Any CPU
		{27EBF590-0470-4C27-98E4-F6B62C10DF3B}.Debug|Any CPU.Build.0 = Debug|Any CPU
		{27EBF590-0470-4C27-98E4-F6B62C10DF3B}.Release|Any CPU.ActiveCfg = Release|Any CPU
		{27EBF590-0470-4C27-98E4-F6B62C10DF3B}.Release|Any CPU.Build.0 = Release|Any CPU
		{F74B07BA-7A0F-4541-AFB9-656028FED485}.Debug|Any CPU.ActiveCfg = Debug|Any CPU
		{F74B07BA-7A0F-4541-AFB9-656028FED485}.Debug|Any CPU.Build.0 = Debug|Any CPU
		{F74B07BA-7A0F-4541-AFB9-656028FED485}.Release|Any CPU.ActiveCfg = Release|Any CPU
		{F74B07BA-7A0F-4541-AFB9-656028FED485}.Release|Any CPU.Build.0 = Release|Any CPU
		{47E2C81B-B6DC-4DAC-AD55-672D3AAED49A}.Debug|Any CPU.ActiveCfg = Debug|Any CPU
		{47E2C81B-B6DC-4DAC-AD55-672D3AAED49A}.Debug|Any CPU.Build.0 = Debug|Any CPU
		{47E2C81B-B6DC-4DAC-AD55-672D3AAED49A}.Release|Any CPU.ActiveCfg = Release|Any CPU
		{47E2C81B-B6DC-4DAC-AD55-672D3AAED49A}.Release|Any CPU.Build.0 = Release|Any CPU
		{7D0452B6-E3B9-43DE-8E44-B57D6C5D8149}.Debug|Any CPU.ActiveCfg = Debug|Any CPU
		{7D0452B6-E3B9-43DE-8E44-B57D6C5D8149}.Debug|Any CPU.Build.0 = Debug|Any CPU
		{7D0452B6-E3B9-43DE-8E44-B57D6C5D8149}.Release|Any CPU.ActiveCfg = Release|Any CPU
		{7D0452B6-E3B9-43DE-8E44-B57D6C5D8149}.Release|Any CPU.Build.0 = Release|Any CPU
		{40132804-BB23-4883-8A3B-DC63867E4E9A}.Debug|Any CPU.ActiveCfg = Debug|Any CPU
		{40132804-BB23-4883-8A3B-DC63867E4E9A}.Debug|Any CPU.Build.0 = Debug|Any CPU
		{40132804-BB23-4883-8A3B-DC63867E4E9A}.Release|Any CPU.ActiveCfg = Release|Any CPU
		{40132804-BB23-4883-8A3B-DC63867E4E9A}.Release|Any CPU.Build.0 = Release|Any CPU
		{F7E69907-E39C-4C09-AD5B-60C6EC41896A}.Debug|Any CPU.ActiveCfg = Debug|Any CPU
		{F7E69907-E39C-4C09-AD5B-60C6EC41896A}.Debug|Any CPU.Build.0 = Debug|Any CPU
		{F7E69907-E39C-4C09-AD5B-60C6EC41896A}.Release|Any CPU.ActiveCfg = Release|Any CPU
		{F7E69907-E39C-4C09-AD5B-60C6EC41896A}.Release|Any CPU.Build.0 = Release|Any CPU
		{6E12E5E9-18B4-4BD9-A0D5-3B23C3FE9555}.Debug|Any CPU.ActiveCfg = Debug|Any CPU
		{6E12E5E9-18B4-4BD9-A0D5-3B23C3FE9555}.Debug|Any CPU.Build.0 = Debug|Any CPU
		{6E12E5E9-18B4-4BD9-A0D5-3B23C3FE9555}.Release|Any CPU.ActiveCfg = Release|Any CPU
		{6E12E5E9-18B4-4BD9-A0D5-3B23C3FE9555}.Release|Any CPU.Build.0 = Release|Any CPU
		{498E0C45-A613-4698-B537-3AED7FE1C625}.Debug|Any CPU.ActiveCfg = Debug|Any CPU
		{498E0C45-A613-4698-B537-3AED7FE1C625}.Debug|Any CPU.Build.0 = Debug|Any CPU
		{498E0C45-A613-4698-B537-3AED7FE1C625}.Release|Any CPU.ActiveCfg = Release|Any CPU
		{498E0C45-A613-4698-B537-3AED7FE1C625}.Release|Any CPU.Build.0 = Release|Any CPU
	EndGlobalSection
EndGlobal
